
Microsoft Visual Studio Solution File, Format Version 12.00
# Visual Studio Version 16
VisualStudioVersion = 16.0.29609.76
MinimumVisualStudioVersion = 10.0.40219.1
Project("{FAE04EC0-301F-11D3-BF4B-00C04F79EFBC}") = "NigerianFinancials", "NigerianFinancials\NigerianFinancials.csproj", "{E91C27D9-914F-4E5B-A5C6-0FCF060EC128}"
EndProject
Global
	GlobalSection(SolutionConfigurationPlatforms) = preSolution
		Debug|Any CPU = Debug|Any CPU
		Release|Any CPU = Release|Any CPU
	EndGlobalSection
	GlobalSection(ProjectConfigurationPlatforms) = postSolution
		{E91C27D9-914F-4E5B-A5C6-0FCF060EC128}.Debug|Any CPU.ActiveCfg = Debug|Any CPU
		{E91C27D9-914F-4E5B-A5C6-0FCF060EC128}.Debug|Any CPU.Build.0 = Debug|Any CPU
		{E91C27D9-914F-4E5B-A5C6-0FCF060EC128}.Release|Any CPU.ActiveCfg = Release|Any CPU
		{E91C27D9-914F-4E5B-A5C6-0FCF060EC128}.Release|Any CPU.Build.0 = Release|Any CPU
	EndGlobalSection
	GlobalSection(SolutionProperties) = preSolution
		HideSolutionNode = FALSE
	EndGlobalSection
	GlobalSection(ExtensibilityGlobals) = postSolution
		SolutionGuid = {4E2B67C2-3801-4657-A2D1-61B96FB36B01}
	EndGlobalSection
EndGlobal
